
Microsoft Visual Studio Solution File, Format Version 12.00
# Visual Studio Version 17
VisualStudioVersion = 17.14.36518.9 d17.14
MinimumVisualStudioVersion = 10.0.40219.1
Project("{FAE04EC0-301F-11D3-BF4B-00C04F79EFBC}") = "downloader", "downloader.csproj", "{12700342-4703-48DE-BEB8-999C662017EE}"
EndProject
Global
	GlobalSection(SolutionConfigurationPlatforms) = preSolution
		Debug|Any CPU = Debug|Any CPU
		Release|Any CPU = Release|Any CPU
	EndGlobalSection
	GlobalSection(ProjectConfigurationPlatforms) = postSolution
		{12700342-4703-48DE-BEB8-999C662017EE}.Debug|Any CPU.ActiveCfg = Debug|Any CPU
		{12700342-4703-48DE-BEB8-999C662017EE}.Debug|Any CPU.Build.0 = Debug|Any CPU
		{12700342-4703-48DE-BEB8-999C662017EE}.Release|Any CPU.ActiveCfg = Release|Any CPU
		{12700342-4703-48DE-BEB8-999C662017EE}.Release|Any CPU.Build.0 = Release|Any CPU
	EndGlobalSection
	GlobalSection(SolutionProperties) = preSolution
		HideSolutionNode = FALSE
	EndGlobalSection
	GlobalSection(ExtensibilityGlobals) = postSolution
		SolutionGuid = {C9980F41-224C-4B54-8D5C-1E70008A8BA3}
	EndGlobalSection
EndGlobal
